
Microsoft Visual Studio Solution File, Format Version 12.00
# Visual Studio Version 16
VisualStudioVersion = 16.0.30804.86
MinimumVisualStudioVersion = 10.0.40219.1
Project("{FAE04EC0-301F-11D3-BF4B-00C04F79EFBC}") = "terminal-focus", "terminal-focus\terminal-focus.csproj", "{9A089216-E341-4A83-AE38-0C0B99248F76}"
EndProject
Global
	GlobalSection(SolutionConfigurationPlatforms) = preSolution
		Debug|Any CPU = Debug|Any CPU
		Release|Any CPU = Release|Any CPU
	EndGlobalSection
	GlobalSection(ProjectConfigurationPlatforms) = postSolution
		{9A089216-E341-4A83-AE38-0C0B99248F76}.Debug|Any CPU.ActiveCfg = Debug|Any CPU
		{9A089216-E341-4A83-AE38-0C0B99248F76}.Debug|Any CPU.Build.0 = Debug|Any CPU
		{9A089216-E341-4A83-AE38-0C0B99248F76}.Release|Any CPU.ActiveCfg = Release|Any CPU
		{9A089216-E341-4A83-AE38-0C0B99248F76}.Release|Any CPU.Build.0 = Release|Any CPU
	EndGlobalSection
	GlobalSection(SolutionProperties) = preSolution
		HideSolutionNode = FALSE
	EndGlobalSection
	GlobalSection(ExtensibilityGlobals) = postSolution
		SolutionGuid = {5313A4EC-E7B1-417F-95C0-65683E527EEB}
	EndGlobalSection
EndGlobal
